
Microsoft Visual Studio Solution File, Format Version 12.00
# Visual Studio Version 16
VisualStudioVersion = 16.0.30413.136
MinimumVisualStudioVersion = 10.0.40219.1
Project("{FAE04EC0-301F-11D3-BF4B-00C04F79EFBC}") = "Zil_homeworks", "Zil_homeworks\Zil_homeworks.csproj", "{3B2E4D05-3DE7-4328-8CE8-C7E9BCF2B6A7}"
EndProject
Project("{FAE04EC0-301F-11D3-BF4B-00C04F79EFBC}") = "Homework3", "1\Homework3.csproj", "{D3E8D309-0360-47B3-812E-E7D97CE33FC6}"
EndProject
Project("{FAE04EC0-301F-11D3-BF4B-00C04F79EFBC}") = "4.1", "4.1\4.1.csproj", "{E710B028-E3B5-4588-BE23-32D6BC7DBA33}"
EndProject
Project("{FAE04EC0-301F-11D3-BF4B-00C04F79EFBC}") = "4.2", "4.2\4.2.csproj", "{BFDEBAA7-BC89-480B-8401-5D3A4DBC7B02}"
EndProject
Project("{FAE04EC0-301F-11D3-BF4B-00C04F79EFBC}") = "4.3", "4.3\4.3.csproj", "{06D1461E-2640-4EFD-8EB3-18552E6C1D72}"
EndProject
Project("{FAE04EC0-301F-11D3-BF4B-00C04F79EFBC}") = "5.1", "5.1\5.1.csproj", "{08F68E32-5D24-4036-A4AE-D427A76E10FD}"
EndProject
Project("{FAE04EC0-301F-11D3-BF4B-00C04F79EFBC}") = "5.2", "5.2\5.2.csproj", "{71E33C2A-D937-4D76-BD8C-6288792FB1A6}"
EndProject
Project("{FAE04EC0-301F-11D3-BF4B-00C04F79EFBC}") = "5.3", "5.3\5.3.csproj", "{F5CF051A-A7DD-44E9-87D9-BCB5B95AB18B}"
EndProject
Project("{FAE04EC0-301F-11D3-BF4B-00C04F79EFBC}") = "6.1", "6.1\6.1.csproj", "{F752CCE4-66C6-48FB-A7C9-CF55C36A7EC3}"
EndProject
Project("{FAE04EC0-301F-11D3-BF4B-00C04F79EFBC}") = "6.2", "6.2\6.2.csproj", "{7FD87F5E-D0FC-4751-988A-DC64061C4515}"
EndProject
Project("{FAE04EC0-301F-11D3-BF4B-00C04F79EFBC}") = "6.3", "6.3\6.3.csproj", "{D7164B82-AB18-4426-936B-1BE1C6CF7153}"
EndProject
Project("{FAE04EC0-301F-11D3-BF4B-00C04F79EFBC}") = "6.4", "6.4\6.4.csproj", "{D3048081-51DD-490C-A14B-1A3A2BF6BD1B}"
EndProject
Project("{FAE04EC0-301F-11D3-BF4B-00C04F79EFBC}") = "6.5", "6.5\6.5.csproj", "{BB91FD0D-F2F4-425A-80BA-AA18EF4141C0}"
EndProject
Project("{FAE04EC0-301F-11D3-BF4B-00C04F79EFBC}") = "6.6_NEW", "6.6_NEW\6.6_NEW.csproj", "{8643ABC7-4E37-4FEF-9D64-E819ADBA50E2}"
EndProject
Project("{FAE04EC0-301F-11D3-BF4B-00C04F79EFBC}") = "7", "7\7.csproj", "{361ECC29-D790-471E-8E31-DB72F09CE44D}"
EndProject
Project("{FAE04EC0-301F-11D3-BF4B-00C04F79EFBC}") = "8", "8\8.csproj", "{DFE4E8E2-7F4C-41E2-8CD9-3281A7CD082B}"
EndProject
Project("{FAE04EC0-301F-11D3-BF4B-00C04F79EFBC}") = "9", "9\9.csproj", "{ECD768FB-E031-4026-8B59-7DD2DF085FFD}"
EndProject
Project("{FAE04EC0-301F-11D3-BF4B-00C04F79EFBC}") = "11", "11\11.csproj", "{0AC0E16C-04C7-4DF3-B1ED-99481C464498}"
EndProject
Project("{FAE04EC0-301F-11D3-BF4B-00C04F79EFBC}") = "14", "14\14.csproj", "{A36DC7FD-AE3B-4233-B97A-A143945CE3D9}"
EndProject
Project("{FAE04EC0-301F-11D3-BF4B-00C04F79EFBC}") = "15", "15\15.csproj", "{76077A95-A3BC-4DCA-ABBB-00AB744F4E69}"
EndProject
Project("{FAE04EC0-301F-11D3-BF4B-00C04F79EFBC}") = "16", "16\16.csproj", "{F8942EB1-82B9-4ED2-A663-838C0E89ED32}"
EndProject
Project("{FAE04EC0-301F-11D3-BF4B-00C04F79EFBC}") = "10", "10\10.csproj", "{B1A4E8D1-E4FC-4CF8-B13B-4E108EB19C46}"
EndProject
Project("{FAE04EC0-301F-11D3-BF4B-00C04F79EFBC}") = "17", "17\17.csproj", "{F2DACF9A-84A2-4A2B-BE4E-9621DCB879BF}"
EndProject
Project("{FAE04EC0-301F-11D3-BF4B-00C04F79EFBC}") = "18", "18\18.csproj", "{ED8E63DE-18C4-4C3F-BBEB-C3FDCD18C026}"
EndProject
Project("{FAE04EC0-301F-11D3-BF4B-00C04F79EFBC}") = "19", "19\19.csproj", "{1C83F799-3713-48CF-B132-8BC3BF794EBC}"
EndProject
Global
	GlobalSection(SolutionConfigurationPlatforms) = preSolution
		Debug|Any CPU = Debug|Any CPU
		Release|Any CPU = Release|Any CPU
	EndGlobalSection
	GlobalSection(ProjectConfigurationPlatforms) = postSolution
		{3B2E4D05-3DE7-4328-8CE8-C7E9BCF2B6A7}.Debug|Any CPU.ActiveCfg = Debug|Any CPU
		{3B2E4D05-3DE7-4328-8CE8-C7E9BCF2B6A7}.Debug|Any CPU.Build.0 = Debug|Any CPU
		{3B2E4D05-3DE7-4328-8CE8-C7E9BCF2B6A7}.Release|Any CPU.ActiveCfg = Release|Any CPU
		{3B2E4D05-3DE7-4328-8CE8-C7E9BCF2B6A7}.Release|Any CPU.Build.0 = Release|Any CPU
		{D3E8D309-0360-47B3-812E-E7D97CE33FC6}.Debug|Any CPU.ActiveCfg = Debug|Any CPU
		{D3E8D309-0360-47B3-812E-E7D97CE33FC6}.Debug|Any CPU.Build.0 = Debug|Any CPU
		{D3E8D309-0360-47B3-812E-E7D97CE33FC6}.Release|Any CPU.ActiveCfg = Release|Any CPU
		{D3E8D309-0360-47B3-812E-E7D97CE33FC6}.Release|Any CPU.Build.0 = Release|Any CPU
		{E710B028-E3B5-4588-BE23-32D6BC7DBA33}.Debug|Any CPU.ActiveCfg = Debug|Any CPU
		{E710B028-E3B5-4588-BE23-32D6BC7DBA33}.Debug|Any CPU.Build.0 = Debug|Any CPU
		{E710B028-E3B5-4588-BE23-32D6BC7DBA33}.Release|Any CPU.ActiveCfg = Release|Any CPU
		{E710B028-E3B5-4588-BE23-32D6BC7DBA33}.Release|Any CPU.Build.0 = Release|Any CPU
		{BFDEBAA7-BC89-480B-8401-5D3A4DBC7B02}.Debug|Any CPU.ActiveCfg = Debug|Any CPU
		{BFDEBAA7-BC89-480B-8401-5D3A4DBC7B02}.Debug|Any CPU.Build.0 = Debug|Any CPU
		{BFDEBAA7-BC89-480B-8401-5D3A4DBC7B02}.Release|Any CPU.ActiveCfg = Release|Any CPU
		{BFDEBAA7-BC89-480B-8401-5D3A4DBC7B02}.Release|Any CPU.Build.0 = Release|Any CPU
		{06D1461E-2640-4EFD-8EB3-18552E6C1D72}.Debug|Any CPU.ActiveCfg = Debug|Any CPU
		{06D1461E-2640-4EFD-8EB3-18552E6C1D72}.Debug|Any CPU.Build.0 = Debug|Any CPU
		{06D1461E-2640-4EFD-8EB3-18552E6C1D72}.Release|Any CPU.ActiveCfg = Release|Any CPU
		{06D1461E-2640-4EFD-8EB3-18552E6C1D72}.Release|Any CPU.Build.0 = Release|Any CPU
		{08F68E32-5D24-4036-A4AE-D427A76E10FD}.Debug|Any CPU.ActiveCfg = Debug|Any CPU
		{08F68E32-5D24-4036-A4AE-D427A76E10FD}.Debug|Any CPU.Build.0 = Debug|Any CPU
		{08F68E32-5D24-4036-A4AE-D427A76E10FD}.Release|Any CPU.ActiveCfg = Release|Any CPU
		{08F68E32-5D24-4036-A4AE-D427A76E10FD}.Release|Any CPU.Build.0 = Release|Any CPU
		{71E33C2A-D937-4D76-BD8C-6288792FB1A6}.Debug|Any CPU.ActiveCfg = Debug|Any CPU
		{71E33C2A-D937-4D76-BD8C-6288792FB1A6}.Debug|Any CPU.Build.0 = Debug|Any CPU
		{71E33C2A-D937-4D76-BD8C-6288792FB1A6}.Release|Any CPU.ActiveCfg = Release|Any CPU
		{71E33C2A-D937-4D76-BD8C-6288792FB1A6}.Release|Any CPU.Build.0 = Release|Any CPU
		{F5CF051A-A7DD-44E9-87D9-BCB5B95AB18B}.Debug|Any CPU.ActiveCfg = Debug|Any CPU
		{F5CF051A-A7DD-44E9-87D9-BCB5B95AB18B}.Debug|Any CPU.Build.0 = Debug|Any CPU
		{F5CF051A-A7DD-44E9-87D9-BCB5B95AB18B}.Release|Any CPU.ActiveCfg = Release|Any CPU
		{F5CF051A-A7DD-44E9-87D9-BCB5B95AB18B}.Release|Any CPU.Build.0 = Release|Any CPU
		{F752CCE4-66C6-48FB-A7C9-CF55C36A7EC3}.Debug|Any CPU.ActiveCfg = Debug|Any CPU
		{F752CCE4-66C6-48FB-A7C9-CF55C36A7EC3}.Debug|Any CPU.Build.0 = Debug|Any CPU
		{F752CCE4-66C6-48FB-A7C9-CF55C36A7EC3}.Release|Any CPU.ActiveCfg = Release|Any CPU
		{F752CCE4-66C6-48FB-A7C9-CF55C36A7EC3}.Release|Any CPU.Build.0 = Release|Any CPU
		{7FD87F5E-D0FC-4751-988A-DC64061C4515}.Debug|Any CPU.ActiveCfg = Debug|Any CPU
		{7FD87F5E-D0FC-4751-988A-DC64061C4515}.Debug|Any CPU.Build.0 = Debug|Any CPU
		{7FD87F5E-D0FC-4751-988A-DC64061C4515}.Release|Any CPU.ActiveCfg = Release|Any CPU
		{7FD87F5E-D0FC-4751-988A-DC64061C4515}.Release|Any CPU.Build.0 = Release|Any CPU
		{D7164B82-AB18-4426-936B-1BE1C6CF7153}.Debug|Any CPU.ActiveCfg = Debug|Any CPU
		{D7164B82-AB18-4426-936B-1BE1C6CF7153}.Debug|Any CPU.Build.0 = Debug|Any CPU
		{D7164B82-AB18-4426-936B-1BE1C6CF7153}.Release|Any CPU.ActiveCfg = Release|Any CPU
		{D7164B82-AB18-4426-936B-1BE1C6CF7153}.Release|Any CPU.Build.0 = Release|Any CPU
		{D3048081-51DD-490C-A14B-1A3A2BF6BD1B}.Debug|Any CPU.ActiveCfg = Debug|Any CPU
		{D3048081-51DD-490C-A14B-1A3A2BF6BD1B}.Debug|Any CPU.Build.0 = Debug|Any CPU
		{D3048081-51DD-490C-A14B-1A3A2BF6BD1B}.Release|Any CPU.ActiveCfg = Release|Any CPU
		{D3048081-51DD-490C-A14B-1A3A2BF6BD1B}.Release|Any CPU.Build.0 = Release|Any CPU
		{BB91FD0D-F2F4-425A-80BA-AA18EF4141C0}.Debug|Any CPU.ActiveCfg = Debug|Any CPU
		{BB91FD0D-F2F4-425A-80BA-AA18EF4141C0}.Debug|Any CPU.Build.0 = Debug|Any CPU
		{BB91FD0D-F2F4-425A-80BA-AA18EF4141C0}.Release|Any CPU.ActiveCfg = Release|Any CPU
		{BB91FD0D-F2F4-425A-80BA-AA18EF4141C0}.Release|Any CPU.Build.0 = Release|Any CPU
		{8643ABC7-4E37-4FEF-9D64-E819ADBA50E2}.Debug|Any CPU.ActiveCfg = Debug|Any CPU
		{8643ABC7-4E37-4FEF-9D64-E819ADBA50E2}.Debug|Any CPU.Build.0 = Debug|Any CPU
		{8643ABC7-4E37-4FEF-9D64-E819ADBA50E2}.Release|Any CPU.ActiveCfg = Release|Any CPU
		{8643ABC7-4E37-4FEF-9D64-E819ADBA50E2}.Release|Any CPU.Build.0 = Release|Any CPU
		{361ECC29-D790-471E-8E31-DB72F09CE44D}.Debug|Any CPU.ActiveCfg = Debug|Any CPU
		{361ECC29-D790-471E-8E31-DB72F09CE44D}.Debug|Any CPU.Build.0 = Debug|Any CPU
		{361ECC29-D790-471E-8E31-DB72F09CE44D}.Release|Any CPU.ActiveCfg = Release|Any CPU
		{361ECC29-D790-471E-8E31-DB72F09CE44D}.Release|Any CPU.Build.0 = Release|Any CPU
		{DFE4E8E2-7F4C-41E2-8CD9-3281A7CD082B}.Debug|Any CPU.ActiveCfg = Debug|Any CPU
		{DFE4E8E2-7F4C-41E2-8CD9-3281A7CD082B}.Debug|Any CPU.Build.0 = Debug|Any CPU
		{DFE4E8E2-7F4C-41E2-8CD9-3281A7CD082B}.Release|Any CPU.ActiveCfg = Release|Any CPU
		{DFE4E8E2-7F4C-41E2-8CD9-3281A7CD082B}.Release|Any CPU.Build.0 = Release|Any CPU
		{ECD768FB-E031-4026-8B59-7DD2DF085FFD}.Debug|Any CPU.ActiveCfg = Debug|Any CPU
		{ECD768FB-E031-4026-8B59-7DD2DF085FFD}.Debug|Any CPU.Build.0 = Debug|Any CPU
		{ECD768FB-E031-4026-8B59-7DD2DF085FFD}.Release|Any CPU.ActiveCfg = Release|Any CPU
		{ECD768FB-E031-4026-8B59-7DD2DF085FFD}.Release|Any CPU.Build.0 = Release|Any CPU
		{0AC0E16C-04C7-4DF3-B1ED-99481C464498}.Debug|Any CPU.ActiveCfg = Debug|Any CPU
		{0AC0E16C-04C7-4DF3-B1ED-99481C464498}.Debug|Any CPU.Build.0 = Debug|Any CPU
		{0AC0E16C-04C7-4DF3-B1ED-99481C464498}.Release|Any CPU.ActiveCfg = Release|Any CPU
		{0AC0E16C-04C7-4DF3-B1ED-99481C464498}.Release|Any CPU.Build.0 = Release|Any CPU
		{A36DC7FD-AE3B-4233-B97A-A143945CE3D9}.Debug|Any CPU.ActiveCfg = Debug|Any CPU
		{A36DC7FD-AE3B-4233-B97A-A143945CE3D9}.Debug|Any CPU.Build.0 = Debug|Any CPU
		{A36DC7FD-AE3B-4233-B97A-A143945CE3D9}.Release|Any CPU.ActiveCfg = Release|Any CPU
		{A36DC7FD-AE3B-4233-B97A-A143945CE3D9}.Release|Any CPU.Build.0 = Release|Any CPU
		{76077A95-A3BC-4DCA-ABBB-00AB744F4E69}.Debug|Any CPU.ActiveCfg = Debug|Any CPU
		{76077A95-A3BC-4DCA-ABBB-00AB744F4E69}.Debug|Any CPU.Build.0 = Debug|Any CPU
		{76077A95-A3BC-4DCA-ABBB-00AB744F4E69}.Release|Any CPU.ActiveCfg = Release|Any CPU
		{76077A95-A3BC-4DCA-ABBB-00AB744F4E69}.Release|Any CPU.Build.0 = Release|Any CPU
		{F8942EB1-82B9-4ED2-A663-838C0E89ED32}.Debug|Any CPU.ActiveCfg = Debug|Any CPU
		{F8942EB1-82B9-4ED2-A663-838C0E89ED32}.Debug|Any CPU.Build.0 = Debug|Any CPU
		{F8942EB1-82B9-4ED2-A663-838C0E89ED32}.Release|Any CPU.ActiveCfg = Release|Any CPU
		{F8942EB1-82B9-4ED2-A663-838C0E89ED32}.Release|Any CPU.Build.0 = Release|Any CPU
		{B1A4E8D1-E4FC-4CF8-B13B-4E108EB19C46}.Debug|Any CPU.ActiveCfg = Debug|Any CPU
		{B1A4E8D1-E4FC-4CF8-B13B-4E108EB19C46}.Debug|Any CPU.Build.0 = Debug|Any CPU
		{B1A4E8D1-E4FC-4CF8-B13B-4E108EB19C46}.Release|Any CPU.ActiveCfg = Release|Any CPU
		{B1A4E8D1-E4FC-4CF8-B13B-4E108EB19C46}.Release|Any CPU.Build.0 = Release|Any CPU
		{F2DACF9A-84A2-4A2B-BE4E-9621DCB879BF}.Debug|Any CPU.ActiveCfg = Debug|Any CPU
		{F2DACF9A-84A2-4A2B-BE4E-9621DCB879BF}.Debug|Any CPU.Build.0 = Debug|Any CPU
		{F2DACF9A-84A2-4A2B-BE4E-9621DCB879BF}.Release|Any CPU.ActiveCfg = Release|Any CPU
		{F2DACF9A-84A2-4A2B-BE4E-9621DCB879BF}.Release|Any CPU.Build.0 = Release|Any CPU
		{ED8E63DE-18C4-4C3F-BBEB-C3FDCD18C026}.Debug|Any CPU.ActiveCfg = Debug|Any CPU
		{ED8E63DE-18C4-4C3F-BBEB-C3FDCD18C026}.Debug|Any CPU.Build.0 = Debug|Any CPU
		{ED8E63DE-18C4-4C3F-BBEB-C3FDCD18C026}.Release|Any CPU.ActiveCfg = Release|Any CPU
		{ED8E63DE-18C4-4C3F-BBEB-C3FDCD18C026}.Release|Any CPU.Build.0 = Release|Any CPU
		{1C83F799-3713-48CF-B132-8BC3BF794EBC}.Debug|Any CPU.ActiveCfg = Debug|Any CPU
		{1C83F799-3713-48CF-B132-8BC3BF794EBC}.Debug|Any CPU.Build.0 = Debug|Any CPU
		{1C83F799-3713-48CF-B132-8BC3BF794EBC}.Release|Any CPU.ActiveCfg = Release|Any CPU
		{1C83F799-3713-48CF-B132-8BC3BF794EBC}.Release|Any CPU.Build.0 = Release|Any CPU
	EndGlobalSection
	GlobalSection(SolutionProperties) = preSolution
		HideSolutionNode = FALSE
	EndGlobalSection
	GlobalSection(ExtensibilityGlobals) = postSolution
		SolutionGuid = {D3F17491-BA39-44E4-8FD9-44274FEA10BD}
	EndGlobalSection
EndGlobal
